
Microsoft Visual Studio Solution File, Format Version 12.00
# Visual Studio 14
VisualStudioVersion = 14.0.25420.1
MinimumVisualStudioVersion = 10.0.40219.1
Project("{FAE04EC0-301F-11D3-BF4B-00C04F79EFBC}") = "AbstractFactory.Basic", "AbstractFactory.Basic\AbstractFactory.Basic.csproj", "{48349A16-B547-4E38-BDFD-37889B7E085A}"
EndProject
Project("{FAE04EC0-301F-11D3-BF4B-00C04F79EFBC}") = "AbstractFactory.Real", "AbstractFactory.Real\AbstractFactory.Real.csproj", "{FF3C1983-1E73-48B0-AA9D-12BC52D4F7D7}"
EndProject
Project("{2150E333-8FDC-42A3-9474-1A3956D46DE8}") = "AbstractFactory", "AbstractFactory", "{ED7039F9-08BD-4952-9691-92DB20B227AD}"
EndProject
Project("{FAE04EC0-301F-11D3-BF4B-00C04F79EFBC}") = "Builder.Basic", "Builder.Basic\Builder.Basic.csproj", "{BF885707-425D-48A8-B346-35D58A05CB8A}"
EndProject
Project("{FAE04EC0-301F-11D3-BF4B-00C04F79EFBC}") = "Builder.Real", "Builder.Real\Builder.Real.csproj", "{88EBC761-FE05-4DAC-A9FD-00FFA250E964}"
EndProject
Project("{2150E333-8FDC-42A3-9474-1A3956D46DE8}") = "Builder", "Builder", "{D345D4BF-18E8-489B-8B38-ABDAC95096B0}"
EndProject
Project("{2150E333-8FDC-42A3-9474-1A3956D46DE8}") = "Factory", "Factory", "{A3043C8C-8146-4ACE-9444-1F7754AAB033}"
EndProject
Project("{FAE04EC0-301F-11D3-BF4B-00C04F79EFBC}") = "Factory.Basic", "Factory.Basic\Factory.Basic.csproj", "{7C622D44-32C9-42CE-AD1E-75C881E04659}"
EndProject
Project("{FAE04EC0-301F-11D3-BF4B-00C04F79EFBC}") = "Factory.Real", "Factory.Real\Factory.Real.csproj", "{980C34A4-0A32-403C-A3A6-5D280337B8AC}"
EndProject
Project("{2150E333-8FDC-42A3-9474-1A3956D46DE8}") = "Prototype", "Prototype", "{DCCD3FF6-A01A-43C1-B3A0-C221A15DA690}"
EndProject
Project("{FAE04EC0-301F-11D3-BF4B-00C04F79EFBC}") = "Prototype.Basic", "Prototype.Basic\Prototype.Basic.csproj", "{1AB59242-5B15-496B-8864-9D9984B56DE3}"
EndProject
Project("{FAE04EC0-301F-11D3-BF4B-00C04F79EFBC}") = "Prototype.Real", "Prototype.Real\Prototype.Real.csproj", "{0EAE3A23-2CF7-460E-813B-46FA450BE657}"
EndProject
Project("{2150E333-8FDC-42A3-9474-1A3956D46DE8}") = "Singleton", "Singleton", "{DD8549AC-D385-4738-A189-A2ECEB684112}"
EndProject
Project("{FAE04EC0-301F-11D3-BF4B-00C04F79EFBC}") = "Singleton.Basic", "Singleton.Basic\Singleton.Basic.csproj", "{7AAD991E-9E15-45B0-9D66-C42676FEE17E}"
EndProject
Project("{FAE04EC0-301F-11D3-BF4B-00C04F79EFBC}") = "Singleton.Real", "Singleton.Real\Singleton.Real.csproj", "{0A62757B-FB70-4CC0-8D42-96B323E5B591}"
EndProject
Project("{2150E333-8FDC-42A3-9474-1A3956D46DE8}") = "Creational", "Creational", "{929D0F23-E052-4D90-B8DA-7E009024BE80}"
EndProject
Project("{FAE04EC0-301F-11D3-BF4B-00C04F79EFBC}") = "Adapter.Basic", "Adapter.Basic\Adapter.Basic.csproj", "{EB20A9F6-779E-4176-9DF2-E0AE0B5AB424}"
EndProject
Project("{FAE04EC0-301F-11D3-BF4B-00C04F79EFBC}") = "Adapter.Real", "Adapter.Real\Adapter.Real.csproj", "{A2259DE5-D4ED-42A5-B413-2134E862F6BE}"
EndProject
Project("{2150E333-8FDC-42A3-9474-1A3956D46DE8}") = "Adapter", "Adapter", "{21FC5CE4-4B72-40E4-9B9A-6B03321DF80B}"
EndProject
Project("{FAE04EC0-301F-11D3-BF4B-00C04F79EFBC}") = "Bridge.Basic", "Bridge.Basic\Bridge.Basic.csproj", "{19E6C31A-C55D-4233-84AC-4C364AC34E94}"
EndProject
Project("{2150E333-8FDC-42A3-9474-1A3956D46DE8}") = "Bridge", "Bridge", "{F6D3C81E-3C15-4B4C-AD04-474F3B062F4F}"
EndProject
Project("{2150E333-8FDC-42A3-9474-1A3956D46DE8}") = "Composite", "Composite", "{CDCE4A69-37B2-4E91-91BA-013B2968192A}"
EndProject
Project("{FAE04EC0-301F-11D3-BF4B-00C04F79EFBC}") = "Composite.Basic", "Composite.Basic\Composite.Basic.csproj", "{252927B3-4CEF-4FAF-9ECC-27FA2AAE23FB}"
EndProject
Project("{2150E333-8FDC-42A3-9474-1A3956D46DE8}") = "Decorator", "Decorator", "{4FA50AB5-74DF-411D-AFA9-B35873201ADF}"
EndProject
Project("{FAE04EC0-301F-11D3-BF4B-00C04F79EFBC}") = "Decorator.Basic", "Decorator.Basic\Decorator.Basic.csproj", "{663FEB85-5BF6-43ED-82DA-FEECC9ED67DA}"
EndProject
Global
	GlobalSection(SolutionConfigurationPlatforms) = preSolution
		Debug|Any CPU = Debug|Any CPU
		Release|Any CPU = Release|Any CPU
	EndGlobalSection
	GlobalSection(ProjectConfigurationPlatforms) = postSolution
		{48349A16-B547-4E38-BDFD-37889B7E085A}.Debug|Any CPU.ActiveCfg = Debug|Any CPU
		{48349A16-B547-4E38-BDFD-37889B7E085A}.Debug|Any CPU.Build.0 = Debug|Any CPU
		{48349A16-B547-4E38-BDFD-37889B7E085A}.Release|Any CPU.ActiveCfg = Release|Any CPU
		{48349A16-B547-4E38-BDFD-37889B7E085A}.Release|Any CPU.Build.0 = Release|Any CPU
		{FF3C1983-1E73-48B0-AA9D-12BC52D4F7D7}.Debug|Any CPU.ActiveCfg = Debug|Any CPU
		{FF3C1983-1E73-48B0-AA9D-12BC52D4F7D7}.Debug|Any CPU.Build.0 = Debug|Any CPU
		{FF3C1983-1E73-48B0-AA9D-12BC52D4F7D7}.Release|Any CPU.ActiveCfg = Release|Any CPU
		{FF3C1983-1E73-48B0-AA9D-12BC52D4F7D7}.Release|Any CPU.Build.0 = Release|Any CPU
		{BF885707-425D-48A8-B346-35D58A05CB8A}.Debug|Any CPU.ActiveCfg = Debug|Any CPU
		{BF885707-425D-48A8-B346-35D58A05CB8A}.Debug|Any CPU.Build.0 = Debug|Any CPU
		{BF885707-425D-48A8-B346-35D58A05CB8A}.Release|Any CPU.ActiveCfg = Release|Any CPU
		{BF885707-425D-48A8-B346-35D58A05CB8A}.Release|Any CPU.Build.0 = Release|Any CPU
		{88EBC761-FE05-4DAC-A9FD-00FFA250E964}.Debug|Any CPU.ActiveCfg = Debug|Any CPU
		{88EBC761-FE05-4DAC-A9FD-00FFA250E964}.Debug|Any CPU.Build.0 = Debug|Any CPU
		{88EBC761-FE05-4DAC-A9FD-00FFA250E964}.Release|Any CPU.ActiveCfg = Release|Any CPU
		{88EBC761-FE05-4DAC-A9FD-00FFA250E964}.Release|Any CPU.Build.0 = Release|Any CPU
		{7C622D44-32C9-42CE-AD1E-75C881E04659}.Debug|Any CPU.ActiveCfg = Debug|Any CPU
		{7C622D44-32C9-42CE-AD1E-75C881E04659}.Debug|Any CPU.Build.0 = Debug|Any CPU
		{7C622D44-32C9-42CE-AD1E-75C881E04659}.Release|Any CPU.ActiveCfg = Release|Any CPU
		{7C622D44-32C9-42CE-AD1E-75C881E04659}.Release|Any CPU.Build.0 = Release|Any CPU
		{980C34A4-0A32-403C-A3A6-5D280337B8AC}.Debug|Any CPU.ActiveCfg = Debug|Any CPU
		{980C34A4-0A32-403C-A3A6-5D280337B8AC}.Debug|Any CPU.Build.0 = Debug|Any CPU
		{980C34A4-0A32-403C-A3A6-5D280337B8AC}.Release|Any CPU.ActiveCfg = Release|Any CPU
		{980C34A4-0A32-403C-A3A6-5D280337B8AC}.Release|Any CPU.Build.0 = Release|Any CPU
		{1AB59242-5B15-496B-8864-9D9984B56DE3}.Debug|Any CPU.ActiveCfg = Debug|Any CPU
		{1AB59242-5B15-496B-8864-9D9984B56DE3}.Debug|Any CPU.Build.0 = Debug|Any CPU
		{1AB59242-5B15-496B-8864-9D9984B56DE3}.Release|Any CPU.ActiveCfg = Release|Any CPU
		{1AB59242-5B15-496B-8864-9D9984B56DE3}.Release|Any CPU.Build.0 = Release|Any CPU
		{0EAE3A23-2CF7-460E-813B-46FA450BE657}.Debug|Any CPU.ActiveCfg = Debug|Any CPU
		{0EAE3A23-2CF7-460E-813B-46FA450BE657}.Debug|Any CPU.Build.0 = Debug|Any CPU
		{0EAE3A23-2CF7-460E-813B-46FA450BE657}.Release|Any CPU.ActiveCfg = Release|Any CPU
		{0EAE3A23-2CF7-460E-813B-46FA450BE657}.Release|Any CPU.Build.0 = Release|Any CPU
		{7AAD991E-9E15-45B0-9D66-C42676FEE17E}.Debug|Any CPU.ActiveCfg = Debug|Any CPU
		{7AAD991E-9E15-45B0-9D66-C42676FEE17E}.Debug|Any CPU.Build.0 = Debug|Any CPU
		{7AAD991E-9E15-45B0-9D66-C42676FEE17E}.Release|Any CPU.ActiveCfg = Release|Any CPU
		{7AAD991E-9E15-45B0-9D66-C42676FEE17E}.Release|Any CPU.Build.0 = Release|Any CPU
		{0A62757B-FB70-4CC0-8D42-96B323E5B591}.Debug|Any CPU.ActiveCfg = Debug|Any CPU
		{0A62757B-FB70-4CC0-8D42-96B323E5B591}.Debug|Any CPU.Build.0 = Debug|Any CPU
		{0A62757B-FB70-4CC0-8D42-96B323E5B591}.Release|Any CPU.ActiveCfg = Release|Any CPU
		{0A62757B-FB70-4CC0-8D42-96B323E5B591}.Release|Any CPU.Build.0 = Release|Any CPU
		{EB20A9F6-779E-4176-9DF2-E0AE0B5AB424}.Debug|Any CPU.ActiveCfg = Debug|Any CPU
		{EB20A9F6-779E-4176-9DF2-E0AE0B5AB424}.Debug|Any CPU.Build.0 = Debug|Any CPU
		{EB20A9F6-779E-4176-9DF2-E0AE0B5AB424}.Release|Any CPU.ActiveCfg = Release|Any CPU
		{EB20A9F6-779E-4176-9DF2-E0AE0B5AB424}.Release|Any CPU.Build.0 = Release|Any CPU
		{A2259DE5-D4ED-42A5-B413-2134E862F6BE}.Debug|Any CPU.ActiveCfg = Debug|Any CPU
		{A2259DE5-D4ED-42A5-B413-2134E862F6BE}.Debug|Any CPU.Build.0 = Debug|Any CPU
		{A2259DE5-D4ED-42A5-B413-2134E862F6BE}.Release|Any CPU.ActiveCfg = Release|Any CPU
		{A2259DE5-D4ED-42A5-B413-2134E862F6BE}.Release|Any CPU.Build.0 = Release|Any CPU
		{19E6C31A-C55D-4233-84AC-4C364AC34E94}.Debug|Any CPU.ActiveCfg = Debug|Any CPU
		{19E6C31A-C55D-4233-84AC-4C364AC34E94}.Debug|Any CPU.Build.0 = Debug|Any CPU
		{19E6C31A-C55D-4233-84AC-4C364AC34E94}.Release|Any CPU.ActiveCfg = Release|Any CPU
		{19E6C31A-C55D-4233-84AC-4C364AC34E94}.Release|Any CPU.Build.0 = Release|Any CPU
		{252927B3-4CEF-4FAF-9ECC-27FA2AAE23FB}.Debug|Any CPU.ActiveCfg = Debug|Any CPU
		{252927B3-4CEF-4FAF-9ECC-27FA2AAE23FB}.Debug|Any CPU.Build.0 = Debug|Any CPU
		{252927B3-4CEF-4FAF-9ECC-27FA2AAE23FB}.Release|Any CPU.ActiveCfg = Release|Any CPU
		{252927B3-4CEF-4FAF-9ECC-27FA2AAE23FB}.Release|Any CPU.Build.0 = Release|Any CPU
		{663FEB85-5BF6-43ED-82DA-FEECC9ED67DA}.Debug|Any CPU.ActiveCfg = Debug|Any CPU
		{663FEB85-5BF6-43ED-82DA-FEECC9ED67DA}.Debug|Any CPU.Build.0 = Debug|Any CPU
		{663FEB85-5BF6-43ED-82DA-FEECC9ED67DA}.Release|Any CPU.ActiveCfg = Release|Any CPU
		{663FEB85-5BF6-43ED-82DA-FEECC9ED67DA}.Release|Any CPU.Build.0 = Release|Any CPU
	EndGlobalSection
	GlobalSection(SolutionProperties) = preSolution
		HideSolutionNode = FALSE
	EndGlobalSection
	GlobalSection(NestedProjects) = preSolution
		{48349A16-B547-4E38-BDFD-37889B7E085A} = {ED7039F9-08BD-4952-9691-92DB20B227AD}
		{FF3C1983-1E73-48B0-AA9D-12BC52D4F7D7} = {ED7039F9-08BD-4952-9691-92DB20B227AD}
		{ED7039F9-08BD-4952-9691-92DB20B227AD} = {929D0F23-E052-4D90-B8DA-7E009024BE80}
		{BF885707-425D-48A8-B346-35D58A05CB8A} = {D345D4BF-18E8-489B-8B38-ABDAC95096B0}
		{88EBC761-FE05-4DAC-A9FD-00FFA250E964} = {D345D4BF-18E8-489B-8B38-ABDAC95096B0}
		{D345D4BF-18E8-489B-8B38-ABDAC95096B0} = {929D0F23-E052-4D90-B8DA-7E009024BE80}
		{A3043C8C-8146-4ACE-9444-1F7754AAB033} = {929D0F23-E052-4D90-B8DA-7E009024BE80}
		{7C622D44-32C9-42CE-AD1E-75C881E04659} = {A3043C8C-8146-4ACE-9444-1F7754AAB033}
		{980C34A4-0A32-403C-A3A6-5D280337B8AC} = {A3043C8C-8146-4ACE-9444-1F7754AAB033}
		{DCCD3FF6-A01A-43C1-B3A0-C221A15DA690} = {929D0F23-E052-4D90-B8DA-7E009024BE80}
		{1AB59242-5B15-496B-8864-9D9984B56DE3} = {DCCD3FF6-A01A-43C1-B3A0-C221A15DA690}
		{0EAE3A23-2CF7-460E-813B-46FA450BE657} = {DCCD3FF6-A01A-43C1-B3A0-C221A15DA690}
		{DD8549AC-D385-4738-A189-A2ECEB684112} = {929D0F23-E052-4D90-B8DA-7E009024BE80}
		{7AAD991E-9E15-45B0-9D66-C42676FEE17E} = {DD8549AC-D385-4738-A189-A2ECEB684112}
		{0A62757B-FB70-4CC0-8D42-96B323E5B591} = {DD8549AC-D385-4738-A189-A2ECEB684112}
		{EB20A9F6-779E-4176-9DF2-E0AE0B5AB424} = {21FC5CE4-4B72-40E4-9B9A-6B03321DF80B}
		{A2259DE5-D4ED-42A5-B413-2134E862F6BE} = {21FC5CE4-4B72-40E4-9B9A-6B03321DF80B}
		{19E6C31A-C55D-4233-84AC-4C364AC34E94} = {F6D3C81E-3C15-4B4C-AD04-474F3B062F4F}
		{252927B3-4CEF-4FAF-9ECC-27FA2AAE23FB} = {CDCE4A69-37B2-4E91-91BA-013B2968192A}
		{663FEB85-5BF6-43ED-82DA-FEECC9ED67DA} = {4FA50AB5-74DF-411D-AFA9-B35873201ADF}
	EndGlobalSection
EndGlobal
